
Microsoft Visual Studio Solution File, Format Version 12.00
# Visual Studio 15
VisualStudioVersion = 15.0.28307.421
MinimumVisualStudioVersion = 10.0.40219.1
Project("{FAE04EC0-301F-11D3-BF4B-00C04F79EFBC}") = "lyrics", "lyrics\lyrics.csproj", "{39BCEEF9-0F66-447C-AC24-144A0687113B}"
EndProject
Global
	GlobalSection(SolutionConfigurationPlatforms) = preSolution
		Debug|Any CPU = Debug|Any CPU
		Release|Any CPU = Release|Any CPU
	EndGlobalSection
	GlobalSection(ProjectConfigurationPlatforms) = postSolution
		{39BCEEF9-0F66-447C-AC24-144A0687113B}.Debug|Any CPU.ActiveCfg = Debug|Any CPU
		{39BCEEF9-0F66-447C-AC24-144A0687113B}.Debug|Any CPU.Build.0 = Debug|Any CPU
		{39BCEEF9-0F66-447C-AC24-144A0687113B}.Release|Any CPU.ActiveCfg = Release|Any CPU
		{39BCEEF9-0F66-447C-AC24-144A0687113B}.Release|Any CPU.Build.0 = Release|Any CPU
	EndGlobalSection
	GlobalSection(SolutionProperties) = preSolution
		HideSolutionNode = FALSE
	EndGlobalSection
	GlobalSection(ExtensibilityGlobals) = postSolution
		SolutionGuid = {50D6461C-59D9-4C5B-B2B0-1C9BD068A05E}
	EndGlobalSection
EndGlobal
